// !$*UTF8*$!
{
	archiveVersion = 1;
	classes = {
	};
	objectVersion = 77;
	objects = {

/* Begin PBXBuildFile section */
		AA000001000000000000CCCC /* GoogleMaps.xcframework in Frameworks */ = {isa = PBXBuildFile; fileRef = AA000001000000000000DDDD /* GoogleMaps.xcframework */; settings = {ATTRIBUTES = (CodeSignOnCopy, RemoveHeadersOnCopy, ); }; };
		AA000001000000000000EEEE /* GoogleMaps.bundle in Resources */ = {isa = PBXBuildFile; fileRef = AA000001000000000000FFFF /* GoogleMaps.bundle */; };
/* End PBXBuildFile section */

/* Begin PBXContainerItemProxy section */
		223CBE4E2F91BF130006429E /* PBXContainerItemProxy */ = {
			isa = PBXContainerItemProxy;
			containerPortal = 223CBE362F91BF120006429E /* Project object */;
			proxyType = 1;
			remoteGlobalIDString = 223CBE3D2F91BF120006429E;
			remoteInfo = WashingtonPark;
		};
		223CBE582F91BF130006429E /* PBXContainerItemProxy */ = {
			isa = PBXContainerItemProxy;
			containerPortal = 223CBE362F91BF120006429E /* Project object */;
			proxyType = 1;
			remoteGlobalIDString = 223CBE3D2F91BF120006429E;
			remoteInfo = WashingtonPark;
		};
/* End PBXContainerItemProxy section */

/* Begin PBXFileReference section */
		223CBE3E2F91BF120006429E /* WashingtonPark.app */ = {isa = PBXFileReference; explicitFileType = wrapper.application; includeInIndex = 0; path = WashingtonPark.app; sourceTree = BUILT_PRODUCTS_DIR; };
		223CBE4D2F91BF130006429E /* WashingtonParkTests.xctest */ = {isa = PBXFileReference; explicitFileType = wrapper.cfbundle; includeInIndex = 0; path = WashingtonParkTests.xctest; sourceTree = BUILT_PRODUCTS_DIR; };
		223CBE572F91BF130006429E /* WashingtonParkUITests.xctest */ = {isa = PBXFileReference; explicitFileType = wrapper.cfbundle; includeInIndex = 0; path = WashingtonParkUITests.xctest; sourceTree = BUILT_PRODUCTS_DIR; };
		AA000001000000000000DDDD /* GoogleMaps.xcframework */ = {isa = PBXFileReference; lastKnownFileType = wrapper.xcframework; name = GoogleMaps.xcframework; path = test/GoogleMaps.xcframework; sourceTree = "<group>"; };
		AA000001000000000000FFFF /* GoogleMaps.bundle */ = {isa = PBXFileReference; lastKnownFileType = "wrapper.plug-in"; name = GoogleMaps.bundle; path = test/GoogleMaps.bundle; sourceTree = "<group>"; };
/* End PBXFileReference section */

/* Begin PBXFileSystemSynchronizedRootGroup section */
		223CBE402F91BF120006429E /* test */ = {
			isa = PBXFileSystemSynchronizedRootGroup;
			path = test;
			sourceTree = "<group>";
		};
		223CBE502F91BF130006429E /* testTests */ = {
			isa = PBXFileSystemSynchronizedRootGroup;
			path = testTests;
			sourceTree = "<group>";
		};
		223CBE5A2F91BF130006429E /* testUITests */ = {
			isa = PBXFileSystemSynchronizedRootGroup;
			path = testUITests;
			sourceTree = "<group>";
		};
/* End PBXFileSystemSynchronizedRootGroup section */

/* Begin PBXFrameworksBuildPhase section */
		223CBE3B2F91BF120006429E /* Frameworks */ = {
			isa = PBXFrameworksBuildPhase;
			buildActionMask = 2147483647;
			files = (
				AA000001000000000000CCCC /* GoogleMaps.xcframework in Frameworks */,
			);
			runOnlyForDeploymentPostprocessing = 0;
		};
		223CBE4A2F91BF130006429E /* Frameworks */ = {
			isa = PBXFrameworksBuildPhase;
			buildActionMask = 2147483647;
			files = (
			);
			runOnlyForDeploymentPostprocessing = 0;
		};
		223CBE542F91BF130006429E /* Frameworks */ = {
			isa = PBXFrameworksBuildPhase;
			buildActionMask = 2147483647;
			files = (
			);
			runOnlyForDeploymentPostprocessing = 0;
		};
/* End PBXFrameworksBuildPhase section */

/* Begin PBXGroup section */
		223CBE352F91BF120006429E = {
			isa = PBXGroup;
			children = (
				223CBE402F91BF120006429E /* test */,
				223CBE502F91BF130006429E /* testTests */,
				223CBE5A2F91BF130006429E /* testUITests */,
				223CBE3F2F91BF120006429E /* Products */,
				AA000001000000000000DDDD /* GoogleMaps.xcframework */,
				AA000001000000000000FFFF /* GoogleMaps.bundle */,
			);
			sourceTree = "<group>";
		};
		223CBE3F2F91BF120006429E /* Products */ = {
			isa = PBXGroup;
			children = (
				223CBE3E2F91BF120006429E /* WashingtonPark.app */,
				223CBE4D2F91BF130006429E /* WashingtonParkTests.xctest */,
				223CBE572F91BF130006429E /* WashingtonParkUITests.xctest */,
			);
			name = Products;
			sourceTree = "<group>";
		};
/* End PBXGroup section */

/* Begin PBXNativeTarget section */
		223CBE3D2F91BF120006429E /* WashingtonPark */ = {
			isa = PBXNativeTarget;
			buildConfigurationList = 223CBE612F91BF130006429E /* Build configuration list for PBXNativeTarget "WashingtonPark" */;
			buildPhases = (
				223CBE3A2F91BF120006429E /* Sources */,
				223CBE3B2F91BF120006429E /* Frameworks */,
				223CBE3C2F91BF120006429E /* Resources */,
			);
			buildRules = (
			);
			dependencies = (
			);
			fileSystemSynchronizedGroups = (
				223CBE402F91BF120006429E /* test */,
			);
			name = WashingtonPark;
			packageProductDependencies = (
			);
			productName = WashingtonPark;
			productReference = 223CBE3E2F91BF120006429E /* WashingtonPark.app */;
			productType = "com.apple.product-type.application";
		};
		223CBE4C2F91BF130006429E /* WashingtonParkTests */ = {
			isa = PBXNativeTarget;
			buildConfigurationList = 223CBE642F91BF130006429E /* Build configuration list for PBXNativeTarget "WashingtonParkTests" */;
			buildPhases = (
				223CBE492F91BF130006429E /* Sources */,
				223CBE4A2F91BF130006429E /* Frameworks */,
				223CBE4B2F91BF130006429E /* Resources */,
			);
			buildRules = (
			);
			dependencies = (
				223CBE4F2F91BF130006429E /* PBXTargetDependency */,
			);
			fileSystemSynchronizedGroups = (
				223CBE502F91BF130006429E /* testTests */,
			);
			name = WashingtonParkTests;
			packageProductDependencies = (
			);
			productName = WashingtonParkTests;
			productReference = 223CBE4D2F91BF130006429E /* WashingtonParkTests.xctest */;
			productType = "com.apple.product-type.bundle.unit-test";
		};
		223CBE562F91BF130006429E /* WashingtonParkUITests */ = {
			isa = PBXNativeTarget;
			buildConfigurationList = 223CBE672F91BF130006429E /* Build configuration list for PBXNativeTarget "WashingtonParkUITests" */;
			buildPhases = (
				223CBE532F91BF130006429E /* Sources */,
				223CBE542F91BF130006429E /* Frameworks */,
				223CBE552F91BF130006429E /* Resources */,
			);
			buildRules = (
			);
			dependencies = (
				223CBE592F91BF130006429E /* PBXTargetDependency */,
			);
			fileSystemSynchronizedGroups = (
				223CBE5A2F91BF130006429E /* testUITests */,
			);
			name = WashingtonParkUITests;
			packageProductDependencies = (
			);
			productName = WashingtonParkUITests;
			productReference = 223CBE572F91BF130006429E /* WashingtonParkUITests.xctest */;
			productType = "com.apple.product-type.bundle.ui-testing";
		};
/* End PBXNativeTarget section */

/* Begin PBXProject section */
		223CBE362F91BF120006429E /* Project object */ = {
			isa = PBXProject;
			attributes = {
				BuildIndependentTargetsInParallel = 1;
				LastSwiftUpdateCheck = 2640;
				LastUpgradeCheck = 2640;
				TargetAttributes = {
					223CBE3D2F91BF120006429E = {
						CreatedOnToolsVersion = 26.4.1;
					};
					223CBE4C2F91BF130006429E = {
						CreatedOnToolsVersion = 26.4.1;
						TestTargetID = 223CBE3D2F91BF120006429E;
					};
					223CBE562F91BF130006429E = {
						CreatedOnToolsVersion = 26.4.1;
						TestTargetID = 223CBE3D2F91BF120006429E;
					};
				};
			};
			buildConfigurationList = 223CBE392F91BF120006429E /* Build configuration list for PBXProject "WashingtonPark" */;
			developmentRegion = en;
			hasScannedForEncodings = 0;
			knownRegions = (
				en,
				Base,
			);
			mainGroup = 223CBE352F91BF120006429E;
			minimizedProjectReferenceProxies = 1;
			preferredProjectObjectVersion = 77;
			productRefGroup = 223CBE3F2F91BF120006429E /* Products */;
			projectDirPath = "";
			projectRoot = "";
			targets = (
				223CBE3D2F91BF120006429E /* WashingtonPark */,
				223CBE4C2F91BF130006429E /* WashingtonParkTests */,
				223CBE562F91BF130006429E /* WashingtonParkUITests */,
			);
		};
/* End PBXProject section */

/* Begin PBXResourcesBuildPhase section */
		223CBE3C2F91BF120006429E /* Resources */ = {
			isa = PBXResourcesBuildPhase;
			buildActionMask = 2147483647;
			files = (
				AA000001000000000000EEEE /* GoogleMaps.bundle in Resources */,
			);
			runOnlyForDeploymentPostprocessing = 0;
		};
		223CBE4B2F91BF130006429E /* Resources */ = {
			isa = PBXResourcesBuildPhase;
			buildActionMask = 2147483647;
			files = (
			);
			runOnlyForDeploymentPostprocessing = 0;
		};
		223CBE552F91BF130006429E /* Resources */ = {
			isa = PBXResourcesBuildPhase;
			buildActionMask = 2147483647;
			files = (
			);
			runOnlyForDeploymentPostprocessing = 0;
		};
/* End PBXResourcesBuildPhase section */

/* Begin PBXSourcesBuildPhase section */
		223CBE3A2F91BF120006429E /* Sources */ = {
			isa = PBXSourcesBuildPhase;
			buildActionMask = 2147483647;
			files = (
			);
			runOnlyForDeploymentPostprocessing = 0;
		};
		223CBE492F91BF130006429E /* Sources */ = {
			isa = PBXSourcesBuildPhase;
			buildActionMask = 2147483647;
			files = (
			);
			runOnlyForDeploymentPostprocessing = 0;
		};
		223CBE532F91BF130006429E /* Sources */ = {
			isa = PBXSourcesBuildPhase;
			buildActionMask = 2147483647;
			files = (
			);
			runOnlyForDeploymentPostprocessing = 0;
		};
/* End PBXSourcesBuildPhase section */

/* Begin PBXTargetDependency section */
		223CBE4F2F91BF130006429E /* PBXTargetDependency */ = {
			isa = PBXTargetDependency;
			target = 223CBE3D2F91BF120006429E /* WashingtonPark */;
			targetProxy = 223CBE4E2F91BF130006429E /* PBXContainerItemProxy */;
		};
		223CBE592F91BF130006429E /* PBXTargetDependency */ = {
			isa = PBXTargetDependency;
			target = 223CBE3D2F91BF120006429E /* WashingtonPark */;
			targetProxy = 223CBE582F91BF130006429E /* PBXContainerItemProxy */;
		};
/* End PBXTargetDependency section */

/* Begin XCBuildConfiguration section */
		223CBE5F2F91BF130006429E /* Debug */ = {
			isa = XCBuildConfiguration;
			buildSettings = {
				ALWAYS_SEARCH_USER_PATHS = NO;
				ASSETCATALOG_COMPILER_GENERATE_SWIFT_ASSET_SYMBOL_EXTENSIONS = YES;
				CLANG_ANALYZER_NONNULL = YES;
				CLANG_ANALYZER_NUMBER_OBJECT_CONVERSION = YES_AGGRESSIVE;
				CLANG_CXX_LANGUAGE_STANDARD = "gnu++20";
				CLANG_ENABLE_MODULES = YES;
				CLANG_ENABLE_OBJC_ARC = YES;
				CLANG_ENABLE_OBJC_WEAK = YES;
				CLANG_WARN_BLOCK_CAPTURE_AUTORELEASING = YES;
				CLANG_WARN_BOOL_CONVERSION = YES;
				CLANG_WARN_COMMA = YES;
				CLANG_WARN_CONSTANT_CONVERSION = YES;
				CLANG_WARN_DEPRECATED_OBJC_IMPLEMENTATIONS = YES;
				CLANG_WARN_DIRECT_OBJC_ISA_USAGE = YES_ERROR;
				CLANG_WARN_DOCUMENTATION_COMMENTS = YES;
				CLANG_WARN_EMPTY_BODY = YES;
				CLANG_WARN_ENUM_CONVERSION = YES;
				CLANG_WARN_INFINITE_RECURSION = YES;
				CLANG_WARN_INT_CONVERSION = YES;
				CLANG_WARN_NON_LITERAL_NULL_CONVERSION = YES;
				CLANG_WARN_OBJC_IMPLICIT_RETAIN_SELF = YES;
				CLANG_WARN_OBJC_LITERAL_CONVERSION = YES;
				CLANG_WARN_OBJC_ROOT_CLASS = YES_ERROR;
				CLANG_WARN_QUOTED_INCLUDE_IN_FRAMEWORK_HEADER = YES;
				CLANG_WARN_RANGE_LOOP_ANALYSIS = YES;
				CLANG_WARN_STRICT_PROTOTYPES = YES;
				CLANG_WARN_SUSPICIOUS_MOVE = YES;
				CLANG_WARN_UNGUARDED_AVAILABILITY = YES_AGGRESSIVE;
				CLANG_WARN_UNREACHABLE_CODE = YES;
				CLANG_WARN__DUPLICATE_METHOD_MATCH = YES;
				COPY_PHASE_STRIP = NO;
				DEBUG_INFORMATION_FORMAT = dwarf;
				DEVELOPMENT_TEAM = RC6X72W3U7;
				ENABLE_STRICT_OBJC_MSGSEND = YES;
				ENABLE_TESTABILITY = YES;
				ENABLE_USER_SCRIPT_SANDBOXING = YES;
				GCC_C_LANGUAGE_STANDARD = gnu17;
				GCC_DYNAMIC_NO_PIC = NO;
				GCC_NO_COMMON_BLOCKS = YES;
				GCC_OPTIMIZATION_LEVEL = 0;
				GCC_PREPROCESSOR_DEFINITIONS = (
					"DEBUG=1",
					"$(inherited)",
				);
				GCC_WARN_64_TO_32_BIT_CONVERSION = YES;
				GCC_WARN_ABOUT_RETURN_TYPE = YES_ERROR;
				GCC_WARN_UNDECLARED_SELECTOR = YES;
				GCC_WARN_UNINITIALIZED_AUTOS = YES_AGGRESSIVE;
				GCC_WARN_UNUSED_FUNCTION = YES;
				GCC_WARN_UNUSED_VARIABLE = YES;
				IPHONEOS_DEPLOYMENT_TARGET = 26.4;
				LOCALIZATION_PREFERS_STRING_CATALOGS = YES;
				MTL_ENABLE_DEBUG_INFO = INCLUDE_SOURCE;
				MTL_FAST_MATH = YES;
				ONLY_ACTIVE_ARCH = YES;
				SDKROOT = iphoneos;
				SWIFT_ACTIVE_COMPILATION_CONDITIONS = "DEBUG $(inherited)";
				SWIFT_OPTIMIZATION_LEVEL = "-Onone";
			};
			name = Debug;
		};
		223CBE602F91BF130006429E /* Release */ = {
			isa = XCBuildConfiguration;
			buildSettings = {
				ALWAYS_SEARCH_USER_PATHS = NO;
				ASSETCATALOG_COMPILER_GENERATE_SWIFT_ASSET_SYMBOL_EXTENSIONS = YES;
				CLANG_ANALYZER_NONNULL = YES;
				CLANG_ANALYZER_NUMBER_OBJECT_CONVERSION = YES_AGGRESSIVE;
				CLANG_CXX_LANGUAGE_STANDARD = "gnu++20";
				CLANG_ENABLE_MODULES = YES;
				CLANG_ENABLE_OBJC_ARC = YES;
				CLANG_ENABLE_OBJC_WEAK = YES;
				CLANG_WARN_BLOCK_CAPTURE_AUTORELEASING = YES;
				CLANG_WARN_BOOL_CONVERSION = YES;
				CLANG_WARN_COMMA = YES;
				CLANG_WARN_CONSTANT_CONVERSION = YES;
				CLANG_WARN_DEPRECATED_OBJC_IMPLEMENTATIONS = YES;
				CLANG_WARN_DIRECT_OBJC_ISA_USAGE = YES_ERROR;
				CLANG_WARN_DOCUMENTATION_COMMENTS = YES;
				CLANG_WARN_EMPTY_BODY = YES;
				CLANG_WARN_ENUM_CONVERSION = YES;
				CLANG_WARN_INFINITE_RECURSION = YES;
				CLANG_WARN_INT_CONVERSION = YES;
				CLANG_WARN_NON_LITERAL_NULL_CONVERSION = YES;
				CLANG_WARN_OBJC_IMPLICIT_RETAIN_SELF = YES;
				CLANG_WARN_OBJC_LITERAL_CONVERSION = YES;
				CLANG_WARN_OBJC_ROOT_CLASS = YES_ERROR;
				CLANG_WARN_QUOTED_INCLUDE_IN_FRAMEWORK_HEADER = YES;
				CLANG_WARN_RANGE_LOOP_ANALYSIS = YES;
				CLANG_WARN_STRICT_PROTOTYPES = YES;
				CLANG_WARN_SUSPICIOUS_MOVE = YES;
				CLANG_WARN_UNGUARDED_AVAILABILITY = YES_AGGRESSIVE;
				CLANG_WARN_UNREACHABLE_CODE = YES;
				CLANG_WARN__DUPLICATE_METHOD_MATCH = YES;
				COPY_PHASE_STRIP = NO;
				DEBUG_INFORMATION_FORMAT = "dwarf-with-dsym";
				DEVELOPMENT_TEAM = RC6X72W3U7;
				ENABLE_NS_ASSERTIONS = NO;
				ENABLE_STRICT_OBJC_MSGSEND = YES;
				ENABLE_USER_SCRIPT_SANDBOXING = YES;
				GCC_C_LANGUAGE_STANDARD = gnu17;
				GCC_NO_COMMON_BLOCKS = YES;
				GCC_WARN_64_TO_32_BIT_CONVERSION = YES;
				GCC_WARN_ABOUT_RETURN_TYPE = YES_ERROR;
				GCC_WARN_UNDECLARED_SELECTOR = YES;
				GCC_WARN_UNINITIALIZED_AUTOS = YES_AGGRESSIVE;
				GCC_WARN_UNUSED_FUNCTION = YES;
				GCC_WARN_UNUSED_VARIABLE = YES;
				IPHONEOS_DEPLOYMENT_TARGET = 26.4;
				LOCALIZATION_PREFERS_STRING_CATALOGS = YES;
				MTL_ENABLE_DEBUG_INFO = NO;
				MTL_FAST_MATH = YES;
				SDKROOT = iphoneos;
				SWIFT_COMPILATION_MODE = wholemodule;
				VALIDATE_PRODUCT = YES;
			};
			name = Release;
		};
		223CBE622F91BF130006429E /* Debug */ = {
			isa = XCBuildConfiguration;
			buildSettings = {
				ASSETCATALOG_COMPILER_APPICON_NAME = AppIcon;
				ASSETCATALOG_COMPILER_GLOBAL_ACCENT_COLOR_NAME = AccentColor;
				CODE_SIGN_STYLE = Automatic;
				CURRENT_PROJECT_VERSION = 1;
				DEVELOPMENT_TEAM = RC6X72W3U7;
				ENABLE_PREVIEWS = YES;
				GENERATE_INFOPLIST_FILE = YES;
				INFOPLIST_KEY_CFBundleDisplayName = "Washington Park";
				INFOPLIST_KEY_NSCameraUsageDescription = "Washington Park needs camera access to take photos of inspection points.";
				INFOPLIST_KEY_NSLocationWhenInUseUsageDescription = "Washington Park uses your location to show where you are on the map.";
				INFOPLIST_KEY_NSPhotoLibraryUsageDescription = "Washington Park needs photo library access to attach photos to inspection points.";
				INFOPLIST_KEY_UIApplicationSceneManifest_Generation = YES;
				INFOPLIST_KEY_UIApplicationSupportsIndirectInputEvents = YES;
				INFOPLIST_KEY_UILaunchScreen_Generation = YES;
				INFOPLIST_KEY_UISupportedInterfaceOrientations_iPad = "UIInterfaceOrientationPortrait UIInterfaceOrientationPortraitUpsideDown UIInterfaceOrientationLandscapeLeft UIInterfaceOrientationLandscapeRight";
				INFOPLIST_KEY_UISupportedInterfaceOrientations_iPhone = "UIInterfaceOrientationPortrait UIInterfaceOrientationLandscapeLeft UIInterfaceOrientationLandscapeRight";
				LD_RUNPATH_SEARCH_PATHS = (
					"$(inherited)",
					"@executable_path/Frameworks",
				);
				MARKETING_VERSION = 1.0;
				OTHER_LDFLAGS = "-lc++";
				PRODUCT_BUNDLE_IDENTIFIER = qiaoxin136.WashingtonPark;
				PRODUCT_NAME = WashingtonPark;
				STRING_CATALOG_GENERATE_SYMBOLS = YES;
				SWIFT_APPROACHABLE_CONCURRENCY = YES;
				SWIFT_DEFAULT_ACTOR_ISOLATION = MainActor;
				SWIFT_EMIT_LOC_STRINGS = YES;
				SWIFT_UPCOMING_FEATURE_MEMBER_IMPORT_VISIBILITY = YES;
				SWIFT_VERSION = 5.0;
				TARGETED_DEVICE_FAMILY = "1,2";
			};
			name = Debug;
		};
		223CBE632F91BF130006429E /* Release */ = {
			isa = XCBuildConfiguration;
			buildSettings = {
				ASSETCATALOG_COMPILER_APPICON_NAME = AppIcon;
				ASSETCATALOG_COMPILER_GLOBAL_ACCENT_COLOR_NAME = AccentColor;
				CODE_SIGN_STYLE = Automatic;
				CURRENT_PROJECT_VERSION = 1;
				DEVELOPMENT_TEAM = RC6X72W3U7;
				ENABLE_PREVIEWS = YES;
				GENERATE_INFOPLIST_FILE = YES;
				INFOPLIST_KEY_CFBundleDisplayName = "Washington Park";
				INFOPLIST_KEY_NSCameraUsageDescription = "Washington Park needs camera access to take photos of inspection points.";
				INFOPLIST_KEY_NSLocationWhenInUseUsageDescription = "Washington Park uses your location to show where you are on the map.";
				INFOPLIST_KEY_NSPhotoLibraryUsageDescription = "Washington Park needs photo library access to attach photos to inspection points.";
				INFOPLIST_KEY_UIApplicationSceneManifest_Generation = YES;
				INFOPLIST_KEY_UIApplicationSupportsIndirectInputEvents = YES;
				INFOPLIST_KEY_UILaunchScreen_Generation = YES;
				INFOPLIST_KEY_UISupportedInterfaceOrientations_iPad = "UIInterfaceOrientationPortrait UIInterfaceOrientationPortraitUpsideDown UIInterfaceOrientationLandscapeLeft UIInterfaceOrientationLandscapeRight";
				INFOPLIST_KEY_UISupportedInterfaceOrientations_iPhone = "UIInterfaceOrientationPortrait UIInterfaceOrientationLandscapeLeft UIInterfaceOrientationLandscapeRight";
				LD_RUNPATH_SEARCH_PATHS = (
					"$(inherited)",
					"@executable_path/Frameworks",
				);
				MARKETING_VERSION = 1.0;
				OTHER_LDFLAGS = "-lc++";
				PRODUCT_BUNDLE_IDENTIFIER = qiaoxin136.WashingtonPark;
				PRODUCT_NAME = WashingtonPark;
				STRING_CATALOG_GENERATE_SYMBOLS = YES;
				SWIFT_APPROACHABLE_CONCURRENCY = YES;
				SWIFT_DEFAULT_ACTOR_ISOLATION = MainActor;
				SWIFT_EMIT_LOC_STRINGS = YES;
				SWIFT_UPCOMING_FEATURE_MEMBER_IMPORT_VISIBILITY = YES;
				SWIFT_VERSION = 5.0;
				TARGETED_DEVICE_FAMILY = "1,2";
			};
			name = Release;
		};
		223CBE652F91BF130006429E /* Debug */ = {
			isa = XCBuildConfiguration;
			buildSettings = {
				BUNDLE_LOADER = "$(TEST_HOST)";
				CODE_SIGN_STYLE = Automatic;
				CURRENT_PROJECT_VERSION = 1;
				DEVELOPMENT_TEAM = RC6X72W3U7;
				GENERATE_INFOPLIST_FILE = YES;
				IPHONEOS_DEPLOYMENT_TARGET = 26.4;
				MARKETING_VERSION = 1.0;
				PRODUCT_BUNDLE_IDENTIFIER = qiaoxin136.WashingtonParkTests;
				PRODUCT_NAME = "$(TARGET_NAME)";
				STRING_CATALOG_GENERATE_SYMBOLS = NO;
				SWIFT_APPROACHABLE_CONCURRENCY = YES;
				SWIFT_EMIT_LOC_STRINGS = NO;
				SWIFT_UPCOMING_FEATURE_MEMBER_IMPORT_VISIBILITY = YES;
				SWIFT_VERSION = 5.0;
				TARGETED_DEVICE_FAMILY = "1,2";
				TEST_HOST = "$(BUILT_PRODUCTS_DIR)/WashingtonPark.app/$(BUNDLE_EXECUTABLE_FOLDER_PATH)/WashingtonPark";
			};
			name = Debug;
		};
		223CBE662F91BF130006429E /* Release */ = {
			isa = XCBuildConfiguration;
			buildSettings = {
				BUNDLE_LOADER = "$(TEST_HOST)";
				CODE_SIGN_STYLE = Automatic;
				CURRENT_PROJECT_VERSION = 1;
				DEVELOPMENT_TEAM = RC6X72W3U7;
				GENERATE_INFOPLIST_FILE = YES;
				IPHONEOS_DEPLOYMENT_TARGET = 26.4;
				MARKETING_VERSION = 1.0;
				PRODUCT_BUNDLE_IDENTIFIER = qiaoxin136.WashingtonParkTests;
				PRODUCT_NAME = "$(TARGET_NAME)";
				STRING_CATALOG_GENERATE_SYMBOLS = NO;
				SWIFT_APPROACHABLE_CONCURRENCY = YES;
				SWIFT_EMIT_LOC_STRINGS = NO;
				SWIFT_UPCOMING_FEATURE_MEMBER_IMPORT_VISIBILITY = YES;
				SWIFT_VERSION = 5.0;
				TARGETED_DEVICE_FAMILY = "1,2";
				TEST_HOST = "$(BUILT_PRODUCTS_DIR)/WashingtonPark.app/$(BUNDLE_EXECUTABLE_FOLDER_PATH)/WashingtonPark";
			};
			name = Release;
		};
		223CBE682F91BF130006429E /* Debug */ = {
			isa = XCBuildConfiguration;
			buildSettings = {
				CODE_SIGN_STYLE = Automatic;
				CURRENT_PROJECT_VERSION = 1;
				DEVELOPMENT_TEAM = RC6X72W3U7;
				GENERATE_INFOPLIST_FILE = YES;
				MARKETING_VERSION = 1.0;
				PRODUCT_BUNDLE_IDENTIFIER = qiaoxin136.WashingtonParkUITests;
				PRODUCT_NAME = "$(TARGET_NAME)";
				STRING_CATALOG_GENERATE_SYMBOLS = NO;
				SWIFT_APPROACHABLE_CONCURRENCY = YES;
				SWIFT_EMIT_LOC_STRINGS = NO;
				SWIFT_UPCOMING_FEATURE_MEMBER_IMPORT_VISIBILITY = YES;
				SWIFT_VERSION = 5.0;
				TARGETED_DEVICE_FAMILY = "1,2";
				TEST_TARGET_NAME = WashingtonPark;
			};
			name = Debug;
		};
		223CBE692F91BF130006429E /* Release */ = {
			isa = XCBuildConfiguration;
			buildSettings = {
				CODE_SIGN_STYLE = Automatic;
				CURRENT_PROJECT_VERSION = 1;
				DEVELOPMENT_TEAM = RC6X72W3U7;
				GENERATE_INFOPLIST_FILE = YES;
				MARKETING_VERSION = 1.0;
				PRODUCT_BUNDLE_IDENTIFIER = qiaoxin136.WashingtonParkUITests;
				PRODUCT_NAME = "$(TARGET_NAME)";
				STRING_CATALOG_GENERATE_SYMBOLS = NO;
				SWIFT_APPROACHABLE_CONCURRENCY = YES;
				SWIFT_EMIT_LOC_STRINGS = NO;
				SWIFT_UPCOMING_FEATURE_MEMBER_IMPORT_VISIBILITY = YES;
				SWIFT_VERSION = 5.0;
				TARGETED_DEVICE_FAMILY = "1,2";
				TEST_TARGET_NAME = WashingtonPark;
			};
			name = Release;
		};
/* End XCBuildConfiguration section */

/* Begin XCConfigurationList section */
		223CBE392F91BF120006429E /* Build configuration list for PBXProject "WashingtonPark" */ = {
			isa = XCConfigurationList;
			buildConfigurations = (
				223CBE5F2F91BF130006429E /* Debug */,
				223CBE602F91BF130006429E /* Release */,
			);
			defaultConfigurationIsVisible = 0;
			defaultConfigurationName = Release;
		};
		223CBE612F91BF130006429E /* Build configuration list for PBXNativeTarget "WashingtonPark" */ = {
			isa = XCConfigurationList;
			buildConfigurations = (
				223CBE622F91BF130006429E /* Debug */,
				223CBE632F91BF130006429E /* Release */,
			);
			defaultConfigurationIsVisible = 0;
			defaultConfigurationName = Release;
		};
		223CBE642F91BF130006429E /* Build configuration list for PBXNativeTarget "WashingtonParkTests" */ = {
			isa = XCConfigurationList;
			buildConfigurations = (
				223CBE652F91BF130006429E /* Debug */,
				223CBE662F91BF130006429E /* Release */,
			);
			defaultConfigurationIsVisible = 0;
			defaultConfigurationName = Release;
		};
		223CBE672F91BF130006429E /* Build configuration list for PBXNativeTarget "WashingtonParkUITests" */ = {
			isa = XCConfigurationList;
			buildConfigurations = (
				223CBE682F91BF130006429E /* Debug */,
				223CBE692F91BF130006429E /* Release */,
			);
			defaultConfigurationIsVisible = 0;
			defaultConfigurationName = Release;
		};
/* End XCConfigurationList section */
	};
	rootObject = 223CBE362F91BF120006429E /* Project object */;
}
